// !$*UTF8*$!
{
	archiveVersion = 1;
	classes = {
	};
	objectVersion = 52;
	objects = {

/* Begin PBXBuildFile section */
		ABCFC77324F4D9A700F86A89 /* aaaaaaApp.swift in Sources */ = {isa = PBXBuildFile; fileRef = ABCFC76024F4D9A500F86A89 /* aaaaaaApp.swift */; };
		ABCFC77524F4D9A700F86A89 /* ContentView.swift in Sources */ = {isa = PBXBuildFile; fileRef = ABCFC76124F4D9A500F86A89 /* ContentView.swift */; };
		ABCFC77724F4D9A700F86A89 /* Assets.xcassets in Resources */ = {isa = PBXBuildFile; fileRef = ABCFC76224F4D9A700F86A89 /* Assets.xcassets */; };
		ABCFC78824F4DC6C00F86A89 /* WidgetKit.framework in Frameworks */ = {isa = PBXBuildFile; fileRef = ABCFC78724F4DC6C00F86A89 /* WidgetKit.framework */; };
		ABCFC78A24F4DC6C00F86A89 /* SwiftUI.framework in Frameworks */ = {isa = PBXBuildFile; fileRef = ABCFC78924F4DC6C00F86A89 /* SwiftUI.framework */; };
		ABCFC78D24F4DC6C00F86A89 /* fsdfsafas.swift in Sources */ = {isa = PBXBuildFile; fileRef = ABCFC78C24F4DC6C00F86A89 /* fsdfsafas.swift */; };
		ABCFC79024F4DC7000F86A89 /* Assets.xcassets in Resources */ = {isa = PBXBuildFile; fileRef = ABCFC78F24F4DC7000F86A89 /* Assets.xcassets */; };
		ABCFC79224F4DC7000F86A89 /* fsdfsafas.intentdefinition in Sources */ = {isa = PBXBuildFile; fileRef = ABCFC78E24F4DC6C00F86A89 /* fsdfsafas.intentdefinition */; };
		ABCFC79324F4DC7000F86A89 /* fsdfsafas.intentdefinition in Sources */ = {isa = PBXBuildFile; fileRef = ABCFC78E24F4DC6C00F86A89 /* fsdfsafas.intentdefinition */; };
		ABCFC79624F4DC7000F86A89 /* fsdfsafasExtension.appex in Embed Foundation Extensions */ = {isa = PBXBuildFile; fileRef = ABCFC78524F4DC6C00F86A89 /* fsdfsafasExtension.appex */; platformFilter = ios; settings = {ATTRIBUTES = (RemoveHeadersOnCopy, ); }; };
		ABCFC79B24F4DC8B00F86A89 /* ContentView.swift in Sources */ = {isa = PBXBuildFile; fileRef = ABCFC76124F4D9A500F86A89 /* ContentView.swift */; };
		B3DBE22628E9D67E00AC9A2B /* EventView.swift in Sources */ = {isa = PBXBuildFile; fileRef = B3DBE22528E9D67E00AC9A2B /* EventView.swift */; };
		B3DBE22828E9D71C00AC9A2B /* EventIndicators.swift in Sources */ = {isa = PBXBuildFile; fileRef = B3DBE22728E9D71C00AC9A2B /* EventIndicators.swift */; };
		B3DBE22928E9D82D00AC9A2B /* EventView.swift in Sources */ = {isa = PBXBuildFile; fileRef = B3DBE22528E9D67E00AC9A2B /* EventView.swift */; };
		B3DBE22A28E9D83000AC9A2B /* EventIndicators.swift in Sources */ = {isa = PBXBuildFile; fileRef = B3DBE22728E9D71C00AC9A2B /* EventIndicators.swift */; };
/* End PBXBuildFile section */

/* Begin PBXContainerItemProxy section */
		ABCFC79424F4DC7000F86A89 /* PBXContainerItemProxy */ = {
			isa = PBXContainerItemProxy;
			containerPortal = ABCFC75B24F4D9A400F86A89 /* Project object */;
			proxyType = 1;
			remoteGlobalIDString = ABCFC78424F4DC6C00F86A89;
			remoteInfo = fsdfsafasExtension;
		};
/* End PBXContainerItemProxy section */

/* Begin PBXCopyFilesBuildPhase section */
		ABCFC79A24F4DC7000F86A89 /* Embed Foundation Extensions */ = {
			isa = PBXCopyFilesBuildPhase;
			buildActionMask = 2147483647;
			dstPath = "";
			dstSubfolderSpec = 13;
			files = (
				ABCFC79624F4DC7000F86A89 /* fsdfsafasExtension.appex in Embed Foundation Extensions */,
			);
			name = "Embed Foundation Extensions";
			runOnlyForDeploymentPostprocessing = 0;
		};
/* End PBXCopyFilesBuildPhase section */

/* Begin PBXFileReference section */
		ABCFC76024F4D9A500F86A89 /* aaaaaaApp.swift */ = {isa = PBXFileReference; lastKnownFileType = sourcecode.swift; path = aaaaaaApp.swift; sourceTree = "<group>"; };
		ABCFC76124F4D9A500F86A89 /* ContentView.swift */ = {isa = PBXFileReference; lastKnownFileType = sourcecode.swift; path = ContentView.swift; sourceTree = "<group>"; };
		ABCFC76224F4D9A700F86A89 /* Assets.xcassets */ = {isa = PBXFileReference; lastKnownFileType = folder.assetcatalog; path = Assets.xcassets; sourceTree = "<group>"; };
		ABCFC76724F4D9A700F86A89 /* EventWidgets.app */ = {isa = PBXFileReference; explicitFileType = wrapper.application; includeInIndex = 0; path = EventWidgets.app; sourceTree = BUILT_PRODUCTS_DIR; };
		ABCFC76A24F4D9A700F86A89 /* Info.plist */ = {isa = PBXFileReference; lastKnownFileType = text.plist.xml; path = Info.plist; sourceTree = "<group>"; };
		ABCFC77124F4D9A700F86A89 /* Info.plist */ = {isa = PBXFileReference; lastKnownFileType = text.plist.xml; path = Info.plist; sourceTree = "<group>"; };
		ABCFC77224F4D9A700F86A89 /* macOS.entitlements */ = {isa = PBXFileReference; lastKnownFileType = text.plist.entitlements; path = macOS.entitlements; sourceTree = "<group>"; };
		ABCFC78524F4DC6C00F86A89 /* fsdfsafasExtension.appex */ = {isa = PBXFileReference; explicitFileType = "wrapper.app-extension"; includeInIndex = 0; path = fsdfsafasExtension.appex; sourceTree = BUILT_PRODUCTS_DIR; };
		ABCFC78724F4DC6C00F86A89 /* WidgetKit.framework */ = {isa = PBXFileReference; lastKnownFileType = wrapper.framework; name = WidgetKit.framework; path = System/Library/Frameworks/WidgetKit.framework; sourceTree = SDKROOT; };
		ABCFC78924F4DC6C00F86A89 /* SwiftUI.framework */ = {isa = PBXFileReference; lastKnownFileType = wrapper.framework; name = SwiftUI.framework; path = System/Library/Frameworks/SwiftUI.framework; sourceTree = SDKROOT; };
		ABCFC78C24F4DC6C00F86A89 /* fsdfsafas.swift */ = {isa = PBXFileReference; lastKnownFileType = sourcecode.swift; path = fsdfsafas.swift; sourceTree = "<group>"; };
		ABCFC78E24F4DC6C00F86A89 /* fsdfsafas.intentdefinition */ = {isa = PBXFileReference; lastKnownFileType = file.intentdefinition; path = fsdfsafas.intentdefinition; sourceTree = "<group>"; };
		ABCFC78F24F4DC7000F86A89 /* Assets.xcassets */ = {isa = PBXFileReference; lastKnownFileType = folder.assetcatalog; path = Assets.xcassets; sourceTree = "<group>"; };
		ABCFC79124F4DC7000F86A89 /* Info.plist */ = {isa = PBXFileReference; lastKnownFileType = text.plist.xml; path = Info.plist; sourceTree = "<group>"; };
		B3DBE22528E9D67E00AC9A2B /* EventView.swift */ = {isa = PBXFileReference; lastKnownFileType = sourcecode.swift; path = EventView.swift; sourceTree = "<group>"; };
		B3DBE22728E9D71C00AC9A2B /* EventIndicators.swift */ = {isa = PBXFileReference; lastKnownFileType = sourcecode.swift; path = EventIndicators.swift; sourceTree = "<group>"; };
/* End PBXFileReference section */

/* Begin PBXFrameworksBuildPhase section */
		ABCFC76424F4D9A700F86A89 /* Frameworks */ = {
			isa = PBXFrameworksBuildPhase;
			buildActionMask = 2147483647;
			files = (
			);
			runOnlyForDeploymentPostprocessing = 0;
		};
		ABCFC78224F4DC6C00F86A89 /* Frameworks */ = {
			isa = PBXFrameworksBuildPhase;
			buildActionMask = 2147483647;
			files = (
				ABCFC78A24F4DC6C00F86A89 /* SwiftUI.framework in Frameworks */,
				ABCFC78824F4DC6C00F86A89 /* WidgetKit.framework in Frameworks */,
			);
			runOnlyForDeploymentPostprocessing = 0;
		};
/* End PBXFrameworksBuildPhase section */

/* Begin PBXGroup section */
		ABCFC75A24F4D9A400F86A89 = {
			isa = PBXGroup;
			children = (
				ABCFC75F24F4D9A500F86A89 /* Shared */,
				ABCFC76924F4D9A700F86A89 /* iOS */,
				ABCFC77024F4D9A700F86A89 /* macOS */,
				ABCFC78B24F4DC6C00F86A89 /* fsdfsafas */,
				ABCFC78624F4DC6C00F86A89 /* Frameworks */,
				ABCFC76824F4D9A700F86A89 /* Products */,
			);
			sourceTree = "<group>";
		};
		ABCFC75F24F4D9A500F86A89 /* Shared */ = {
			isa = PBXGroup;
			children = (
				B3DBE22428E9D67300AC9A2B /* Views */,
				ABCFC76024F4D9A500F86A89 /* aaaaaaApp.swift */,
				ABCFC76124F4D9A500F86A89 /* ContentView.swift */,
				ABCFC76224F4D9A700F86A89 /* Assets.xcassets */,
			);
			path = Shared;
			sourceTree = "<group>";
		};
		ABCFC76824F4D9A700F86A89 /* Products */ = {
			isa = PBXGroup;
			children = (
				ABCFC76724F4D9A700F86A89 /* EventWidgets.app */,
				ABCFC78524F4DC6C00F86A89 /* fsdfsafasExtension.appex */,
			);
			name = Products;
			sourceTree = "<group>";
		};
		ABCFC76924F4D9A700F86A89 /* iOS */ = {
			isa = PBXGroup;
			children = (
				ABCFC76A24F4D9A700F86A89 /* Info.plist */,
			);
			path = iOS;
			sourceTree = "<group>";
		};
		ABCFC77024F4D9A700F86A89 /* macOS */ = {
			isa = PBXGroup;
			children = (
				ABCFC77124F4D9A700F86A89 /* Info.plist */,
				ABCFC77224F4D9A700F86A89 /* macOS.entitlements */,
			);
			path = macOS;
			sourceTree = "<group>";
		};
		ABCFC78624F4DC6C00F86A89 /* Frameworks */ = {
			isa = PBXGroup;
			children = (
				ABCFC78724F4DC6C00F86A89 /* WidgetKit.framework */,
				ABCFC78924F4DC6C00F86A89 /* SwiftUI.framework */,
			);
			name = Frameworks;
			sourceTree = "<group>";
		};
		ABCFC78B24F4DC6C00F86A89 /* fsdfsafas */ = {
			isa = PBXGroup;
			children = (
				ABCFC78C24F4DC6C00F86A89 /* fsdfsafas.swift */,
				ABCFC78E24F4DC6C00F86A89 /* fsdfsafas.intentdefinition */,
				ABCFC78F24F4DC7000F86A89 /* Assets.xcassets */,
				ABCFC79124F4DC7000F86A89 /* Info.plist */,
			);
			path = fsdfsafas;
			sourceTree = "<group>";
		};
		B3DBE22428E9D67300AC9A2B /* Views */ = {
			isa = PBXGroup;
			children = (
				B3DBE22528E9D67E00AC9A2B /* EventView.swift */,
				B3DBE22728E9D71C00AC9A2B /* EventIndicators.swift */,
			);
			path = Views;
			sourceTree = "<group>";
		};
/* End PBXGroup section */

/* Begin PBXNativeTarget section */
		ABCFC76624F4D9A700F86A89 /* EventWidgets */ = {
			isa = PBXNativeTarget;
			buildConfigurationList = ABCFC77B24F4D9A700F86A89 /* Build configuration list for PBXNativeTarget "EventWidgets" */;
			buildPhases = (
				ABCFC76324F4D9A700F86A89 /* Sources */,
				ABCFC76424F4D9A700F86A89 /* Frameworks */,
				ABCFC76524F4D9A700F86A89 /* Resources */,
				ABCFC79A24F4DC7000F86A89 /* Embed Foundation Extensions */,
			);
			buildRules = (
			);
			dependencies = (
				ABCFC79524F4DC7000F86A89 /* PBXTargetDependency */,
			);
			name = EventWidgets;
			productName = "aaaaaa (iOS)";
			productReference = ABCFC76724F4D9A700F86A89 /* EventWidgets.app */;
			productType = "com.apple.product-type.application";
		};
		ABCFC78424F4DC6C00F86A89 /* fsdfsafasExtension */ = {
			isa = PBXNativeTarget;
			buildConfigurationList = ABCFC79724F4DC7000F86A89 /* Build configuration list for PBXNativeTarget "fsdfsafasExtension" */;
			buildPhases = (
				ABCFC78124F4DC6C00F86A89 /* Sources */,
				ABCFC78224F4DC6C00F86A89 /* Frameworks */,
				ABCFC78324F4DC6C00F86A89 /* Resources */,
			);
			buildRules = (
			);
			dependencies = (
			);
			name = fsdfsafasExtension;
			productName = fsdfsafasExtension;
			productReference = ABCFC78524F4DC6C00F86A89 /* fsdfsafasExtension.appex */;
			productType = "com.apple.product-type.app-extension";
		};
/* End PBXNativeTarget section */

/* Begin PBXProject section */
		ABCFC75B24F4D9A400F86A89 /* Project object */ = {
			isa = PBXProject;
			attributes = {
				LastSwiftUpdateCheck = 1200;
				LastUpgradeCheck = 1410;
				TargetAttributes = {
					ABCFC76624F4D9A700F86A89 = {
						CreatedOnToolsVersion = 12.0;
					};
					ABCFC78424F4DC6C00F86A89 = {
						CreatedOnToolsVersion = 12.0;
					};
				};
			};
			buildConfigurationList = ABCFC75E24F4D9A400F86A89 /* Build configuration list for PBXProject "EventWidgets" */;
			compatibilityVersion = "Xcode 9.3";
			developmentRegion = en;
			hasScannedForEncodings = 0;
			knownRegions = (
				en,
				Base,
			);
			mainGroup = ABCFC75A24F4D9A400F86A89;
			productRefGroup = ABCFC76824F4D9A700F86A89 /* Products */;
			projectDirPath = "";
			projectRoot = "";
			targets = (
				ABCFC76624F4D9A700F86A89 /* EventWidgets */,
				ABCFC78424F4DC6C00F86A89 /* fsdfsafasExtension */,
			);
		};
/* End PBXProject section */

/* Begin PBXResourcesBuildPhase section */
		ABCFC76524F4D9A700F86A89 /* Resources */ = {
			isa = PBXResourcesBuildPhase;
			buildActionMask = 2147483647;
			files = (
				ABCFC77724F4D9A700F86A89 /* Assets.xcassets in Resources */,
			);
			runOnlyForDeploymentPostprocessing = 0;
		};
		ABCFC78324F4DC6C00F86A89 /* Resources */ = {
			isa = PBXResourcesBuildPhase;
			buildActionMask = 2147483647;
			files = (
				ABCFC79024F4DC7000F86A89 /* Assets.xcassets in Resources */,
			);
			runOnlyForDeploymentPostprocessing = 0;
		};
/* End PBXResourcesBuildPhase section */

/* Begin PBXSourcesBuildPhase section */
		ABCFC76324F4D9A700F86A89 /* Sources */ = {
			isa = PBXSourcesBuildPhase;
			buildActionMask = 2147483647;
			files = (
				ABCFC77524F4D9A700F86A89 /* ContentView.swift in Sources */,
				B3DBE22828E9D71C00AC9A2B /* EventIndicators.swift in Sources */,
				ABCFC77324F4D9A700F86A89 /* aaaaaaApp.swift in Sources */,
				ABCFC79324F4DC7000F86A89 /* fsdfsafas.intentdefinition in Sources */,
				B3DBE22628E9D67E00AC9A2B /* EventView.swift in Sources */,
			);
			runOnlyForDeploymentPostprocessing = 0;
		};
		ABCFC78124F4DC6C00F86A89 /* Sources */ = {
			isa = PBXSourcesBuildPhase;
			buildActionMask = 2147483647;
			files = (
				ABCFC79224F4DC7000F86A89 /* fsdfsafas.intentdefinition in Sources */,
				B3DBE22A28E9D83000AC9A2B /* EventIndicators.swift in Sources */,
				ABCFC78D24F4DC6C00F86A89 /* fsdfsafas.swift in Sources */,
				ABCFC79B24F4DC8B00F86A89 /* ContentView.swift in Sources */,
				B3DBE22928E9D82D00AC9A2B /* EventView.swift in Sources */,
			);
			runOnlyForDeploymentPostprocessing = 0;
		};
/* End PBXSourcesBuildPhase section */

/* Begin PBXTargetDependency section */
		ABCFC79524F4DC7000F86A89 /* PBXTargetDependency */ = {
			isa = PBXTargetDependency;
			platformFilter = ios;
			target = ABCFC78424F4DC6C00F86A89 /* fsdfsafasExtension */;
			targetProxy = ABCFC79424F4DC7000F86A89 /* PBXContainerItemProxy */;
		};
/* End PBXTargetDependency section */

/* Begin XCBuildConfiguration section */
		ABCFC77924F4D9A700F86A89 /* Debug */ = {
			isa = XCBuildConfiguration;
			buildSettings = {
				ALWAYS_SEARCH_USER_PATHS = NO;
				CLANG_ANALYZER_NONNULL = YES;
				CLANG_ANALYZER_NUMBER_OBJECT_CONVERSION = YES_AGGRESSIVE;
				CLANG_CXX_LANGUAGE_STANDARD = "gnu++14";
				CLANG_CXX_LIBRARY = "libc++";
				CLANG_ENABLE_MODULES = YES;
				CLANG_ENABLE_OBJC_ARC = YES;
				CLANG_ENABLE_OBJC_WEAK = YES;
				CLANG_WARN_BLOCK_CAPTURE_AUTORELEASING = YES;
				CLANG_WARN_BOOL_CONVERSION = YES;
				CLANG_WARN_COMMA = YES;
				CLANG_WARN_CONSTANT_CONVERSION = YES;
				CLANG_WARN_DEPRECATED_OBJC_IMPLEMENTATIONS = YES;
				CLANG_WARN_DIRECT_OBJC_ISA_USAGE = YES_ERROR;
				CLANG_WARN_DOCUMENTATION_COMMENTS = YES;
				CLANG_WARN_EMPTY_BODY = YES;
				CLANG_WARN_ENUM_CONVERSION = YES;
				CLANG_WARN_INFINITE_RECURSION = YES;
				CLANG_WARN_INT_CONVERSION = YES;
				CLANG_WARN_NON_LITERAL_NULL_CONVERSION = YES;
				CLANG_WARN_OBJC_IMPLICIT_RETAIN_SELF = YES;
				CLANG_WARN_OBJC_LITERAL_CONVERSION = YES;
				CLANG_WARN_OBJC_ROOT_CLASS = YES_ERROR;
				CLANG_WARN_QUOTED_INCLUDE_IN_FRAMEWORK_HEADER = YES;
				CLANG_WARN_RANGE_LOOP_ANALYSIS = YES;
				CLANG_WARN_STRICT_PROTOTYPES = YES;
				CLANG_WARN_SUSPICIOUS_MOVE = YES;
				CLANG_WARN_UNGUARDED_AVAILABILITY = YES_AGGRESSIVE;
				CLANG_WARN_UNREACHABLE_CODE = YES;
				CLANG_WARN__DUPLICATE_METHOD_MATCH = YES;
				COPY_PHASE_STRIP = NO;
				DEAD_CODE_STRIPPING = YES;
				DEBUG_INFORMATION_FORMAT = dwarf;
				ENABLE_STRICT_OBJC_MSGSEND = YES;
				ENABLE_TESTABILITY = YES;
				GCC_C_LANGUAGE_STANDARD = gnu11;
				GCC_DYNAMIC_NO_PIC = NO;
				GCC_NO_COMMON_BLOCKS = YES;
				GCC_OPTIMIZATION_LEVEL = 0;
				GCC_PREPROCESSOR_DEFINITIONS = (
					"DEBUG=1",
					"$(inherited)",
				);
				GCC_WARN_64_TO_32_BIT_CONVERSION = YES;
				GCC_WARN_ABOUT_RETURN_TYPE = YES_ERROR;
				GCC_WARN_UNDECLARED_SELECTOR = YES;
				GCC_WARN_UNINITIALIZED_AUTOS = YES_AGGRESSIVE;
				GCC_WARN_UNUSED_FUNCTION = YES;
				GCC_WARN_UNUSED_VARIABLE = YES;
				MTL_ENABLE_DEBUG_INFO = INCLUDE_SOURCE;
				MTL_FAST_MATH = YES;
				ONLY_ACTIVE_ARCH = YES;
				SWIFT_ACTIVE_COMPILATION_CONDITIONS = DEBUG;
				SWIFT_OPTIMIZATION_LEVEL = "-Onone";
			};
			name = Debug;
		};
		ABCFC77A24F4D9A700F86A89 /* Release */ = {
			isa = XCBuildConfiguration;
			buildSettings = {
				ALWAYS_SEARCH_USER_PATHS = NO;
				CLANG_ANALYZER_NONNULL = YES;
				CLANG_ANALYZER_NUMBER_OBJECT_CONVERSION = YES_AGGRESSIVE;
				CLANG_CXX_LANGUAGE_STANDARD = "gnu++14";
				CLANG_CXX_LIBRARY = "libc++";
				CLANG_ENABLE_MODULES = YES;
				CLANG_ENABLE_OBJC_ARC = YES;
				CLANG_ENABLE_OBJC_WEAK = YES;
				CLANG_WARN_BLOCK_CAPTURE_AUTORELEASING = YES;
				CLANG_WARN_BOOL_CONVERSION = YES;
				CLANG_WARN_COMMA = YES;
				CLANG_WARN_CONSTANT_CONVERSION = YES;
				CLANG_WARN_DEPRECATED_OBJC_IMPLEMENTATIONS = YES;
				CLANG_WARN_DIRECT_OBJC_ISA_USAGE = YES_ERROR;
				CLANG_WARN_DOCUMENTATION_COMMENTS = YES;
				CLANG_WARN_EMPTY_BODY = YES;
				CLANG_WARN_ENUM_CONVERSION = YES;
				CLANG_WARN_INFINITE_RECURSION = YES;
				CLANG_WARN_INT_CONVERSION = YES;
				CLANG_WARN_NON_LITERAL_NULL_CONVERSION = YES;
				CLANG_WARN_OBJC_IMPLICIT_RETAIN_SELF = YES;
				CLANG_WARN_OBJC_LITERAL_CONVERSION = YES;
				CLANG_WARN_OBJC_ROOT_CLASS = YES_ERROR;
				CLANG_WARN_QUOTED_INCLUDE_IN_FRAMEWORK_HEADER = YES;
				CLANG_WARN_RANGE_LOOP_ANALYSIS = YES;
				CLANG_WARN_STRICT_PROTOTYPES = YES;
				CLANG_WARN_SUSPICIOUS_MOVE = YES;
				CLANG_WARN_UNGUARDED_AVAILABILITY = YES_AGGRESSIVE;
				CLANG_WARN_UNREACHABLE_CODE = YES;
				CLANG_WARN__DUPLICATE_METHOD_MATCH = YES;
				COPY_PHASE_STRIP = NO;
				DEAD_CODE_STRIPPING = YES;
				DEBUG_INFORMATION_FORMAT = "dwarf-with-dsym";
				ENABLE_NS_ASSERTIONS = NO;
				ENABLE_STRICT_OBJC_MSGSEND = YES;
				GCC_C_LANGUAGE_STANDARD = gnu11;
				GCC_NO_COMMON_BLOCKS = YES;
				GCC_WARN_64_TO_32_BIT_CONVERSION = YES;
				GCC_WARN_ABOUT_RETURN_TYPE = YES_ERROR;
				GCC_WARN_UNDECLARED_SELECTOR = YES;
				GCC_WARN_UNINITIALIZED_AUTOS = YES_AGGRESSIVE;
				GCC_WARN_UNUSED_FUNCTION = YES;
				GCC_WARN_UNUSED_VARIABLE = YES;
				MTL_ENABLE_DEBUG_INFO = NO;
				MTL_FAST_MATH = YES;
				SWIFT_COMPILATION_MODE = wholemodule;
				SWIFT_OPTIMIZATION_LEVEL = "-O";
			};
			name = Release;
		};
		ABCFC77C24F4D9A700F86A89 /* Debug */ = {
			isa = XCBuildConfiguration;
			buildSettings = {
				ALWAYS_EMBED_SWIFT_STANDARD_LIBRARIES = YES;
				ASSETCATALOG_COMPILER_APPICON_NAME = AppIcon;
				ASSETCATALOG_COMPILER_GLOBAL_ACCENT_COLOR_NAME = AccentColor;
				CODE_SIGN_STYLE = Automatic;
				DEVELOPMENT_TEAM = G4HEP2MUY8;
				ENABLE_PREVIEWS = YES;
				INFOPLIST_FILE = iOS/Info.plist;
				IPHONEOS_DEPLOYMENT_TARGET = 16.0;
				LD_RUNPATH_SEARCH_PATHS = (
					"$(inherited)",
					"@executable_path/Frameworks",
				);
				MACOSX_DEPLOYMENT_TARGET = 12.4;
				PRODUCT_BUNDLE_IDENTIFIER = com.sample.EventWidgets;
				PRODUCT_NAME = EventWidgets;
				SDKROOT = iphoneos;
				SUPPORTED_PLATFORMS = "iphoneos iphonesimulator macosx";
				SUPPORTS_MACCATALYST = NO;
				SUPPORTS_MAC_DESIGNED_FOR_IPHONE_IPAD = NO;
				SWIFT_VERSION = 5.0;
				TARGETED_DEVICE_FAMILY = "1,2";
			};
			name = Debug;
		};
		ABCFC77D24F4D9A700F86A89 /* Release */ = {
			isa = XCBuildConfiguration;
			buildSettings = {
				ALWAYS_EMBED_SWIFT_STANDARD_LIBRARIES = YES;
				ASSETCATALOG_COMPILER_APPICON_NAME = AppIcon;
				ASSETCATALOG_COMPILER_GLOBAL_ACCENT_COLOR_NAME = AccentColor;
				CODE_SIGN_STYLE = Automatic;
				DEVELOPMENT_TEAM = G4HEP2MUY8;
				ENABLE_PREVIEWS = YES;
				INFOPLIST_FILE = iOS/Info.plist;
				IPHONEOS_DEPLOYMENT_TARGET = 16.0;
				LD_RUNPATH_SEARCH_PATHS = (
					"$(inherited)",
					"@executable_path/Frameworks",
				);
				MACOSX_DEPLOYMENT_TARGET = 12.4;
				PRODUCT_BUNDLE_IDENTIFIER = com.sample.EventWidgets;
				PRODUCT_NAME = EventWidgets;
				SDKROOT = iphoneos;
				SUPPORTED_PLATFORMS = "iphoneos iphonesimulator macosx";
				SUPPORTS_MACCATALYST = NO;
				SUPPORTS_MAC_DESIGNED_FOR_IPHONE_IPAD = NO;
				SWIFT_VERSION = 5.0;
				TARGETED_DEVICE_FAMILY = "1,2";
				VALIDATE_PRODUCT = YES;
			};
			name = Release;
		};
		ABCFC79824F4DC7000F86A89 /* Debug */ = {
			isa = XCBuildConfiguration;
			buildSettings = {
				ASSETCATALOG_COMPILER_GLOBAL_ACCENT_COLOR_NAME = AccentColor;
				ASSETCATALOG_COMPILER_WIDGET_BACKGROUND_COLOR_NAME = WidgetBackground;
				CODE_SIGN_STYLE = Automatic;
				DEVELOPMENT_TEAM = G4HEP2MUY8;
				INFOPLIST_FILE = fsdfsafas/Info.plist;
				IPHONEOS_DEPLOYMENT_TARGET = 16.0;
				LD_RUNPATH_SEARCH_PATHS = (
					"$(inherited)",
					"@executable_path/Frameworks",
					"@executable_path/../../Frameworks",
				);
				PRODUCT_BUNDLE_IDENTIFIER = com.sample.EventWidgets.WidgetProvider;
				PRODUCT_NAME = "$(TARGET_NAME)";
				SDKROOT = iphoneos;
				SKIP_INSTALL = YES;
				SWIFT_VERSION = 5.0;
				TARGETED_DEVICE_FAMILY = "1,2";
			};
			name = Debug;
		};
		ABCFC79924F4DC7000F86A89 /* Release */ = {
			isa = XCBuildConfiguration;
			buildSettings = {
				ASSETCATALOG_COMPILER_GLOBAL_ACCENT_COLOR_NAME = AccentColor;
				ASSETCATALOG_COMPILER_WIDGET_BACKGROUND_COLOR_NAME = WidgetBackground;
				CODE_SIGN_STYLE = Automatic;
				DEVELOPMENT_TEAM = G4HEP2MUY8;
				INFOPLIST_FILE = fsdfsafas/Info.plist;
				IPHONEOS_DEPLOYMENT_TARGET = 16.0;
				LD_RUNPATH_SEARCH_PATHS = (
					"$(inherited)",
					"@executable_path/Frameworks",
					"@executable_path/../../Frameworks",
				);
				PRODUCT_BUNDLE_IDENTIFIER = com.sample.EventWidgets.WidgetProvider;
				PRODUCT_NAME = "$(TARGET_NAME)";
				SDKROOT = iphoneos;
				SKIP_INSTALL = YES;
				SWIFT_VERSION = 5.0;
				TARGETED_DEVICE_FAMILY = "1,2";
				VALIDATE_PRODUCT = YES;
			};
			name = Release;
		};
/* End XCBuildConfiguration section */

/* Begin XCConfigurationList section */
		ABCFC75E24F4D9A400F86A89 /* Build configuration list for PBXProject "EventWidgets" */ = {
			isa = XCConfigurationList;
			buildConfigurations = (
				ABCFC77924F4D9A700F86A89 /* Debug */,
				ABCFC77A24F4D9A700F86A89 /* Release */,
			);
			defaultConfigurationIsVisible = 0;
			defaultConfigurationName = Release;
		};
		ABCFC77B24F4D9A700F86A89 /* Build configuration list for PBXNativeTarget "EventWidgets" */ = {
			isa = XCConfigurationList;
			buildConfigurations = (
				ABCFC77C24F4D9A700F86A89 /* Debug */,
				ABCFC77D24F4D9A700F86A89 /* Release */,
			);
			defaultConfigurationIsVisible = 0;
			defaultConfigurationName = Release;
		};
		ABCFC79724F4DC7000F86A89 /* Build configuration list for PBXNativeTarget "fsdfsafasExtension" */ = {
			isa = XCConfigurationList;
			buildConfigurations = (
				ABCFC79824F4DC7000F86A89 /* Debug */,
				ABCFC79924F4DC7000F86A89 /* Release */,
			);
			defaultConfigurationIsVisible = 0;
			defaultConfigurationName = Release;
		};
/* End XCConfigurationList section */
	};
	rootObject = ABCFC75B24F4D9A400F86A89 /* Project object */;
}
